<?xml version="1.0" encoding="utf-8"?>
<Project ToolsVersion="4.0" xmlns="http://schemas.microsoft.com/developer/msbuild/2003">
  <ItemGroup>
    <Filter Include="Sources">
      <UniqueIdentifier>{8b7ed093-66ce-4096-96d2-fbb9faa4bf52}</UniqueIdentifier>
    </Filter>
    <Filter Include="Sources\Modules">
      <UniqueIdentifier>{7b418be2-1631-4a31-9ef2-8a8b234a7339}</UniqueIdentifier>
    </Filter>
    <Filter Include="Sources\Containers">
      <UniqueIdentifier>{afc36133-f401-499a-aa33-0da1e500fb52}</UniqueIdentifier>
    </Filter>
    <Filter Include="Sources\Tools">
      <UniqueIdentifier>{7e4dfaf7-022c-4f7d-92aa-f3b3fa9d6248}</UniqueIdentifier>
    </Filter>
    <Filter Include="Sources\Helpers">
      <UniqueIdentifier>{121f8e6b-df36-4ab0-be0d-601ddfc9e503}</UniqueIdentifier>
    </Filter>
    <Filter Include="Sources\Modules\Game">
      <UniqueIdentifier>{83f46af7-e02f-40c0-9e56-41d76082527b}</UniqueIdentifier>
    </Filter>
    <Filter Include="Sources\Main">
      <UniqueIdentifier>{1f464160-a37a-4b1a-933c-4b777dc7e077}</UniqueIdentifier>
    </Filter>
    <Filter Include="Sources\External">
      <UniqueIdentifier>{a66d45c2-403c-4fb2-9fc2-71a19dce4b99}</UniqueIdentifier>
    </Filter>
    <Filter Include="Sources\External\Imgui">
      <UniqueIdentifier>{0170babe-3d35-41d9-a903-d8269bcd2ec4}</UniqueIdentifier>
    </Filter>
    <Filter Include="Sources\External\MathGeoLib">
      <UniqueIdentifier>{effb4c1c-bde0-4488-8316-67e3fd6668e9}</UniqueIdentifier>
    </Filter>
    <Filter Include="Sources\External\MathGeoLib\src">
      <UniqueIdentifier>{1ef6a929-f1a3-48ec-9f55-b613b1521375}</UniqueIdentifier>
    </Filter>
    <Filter Include="Sources\Menus">
      <UniqueIdentifier>{0fd8fa59-cd41-41b0-aacc-ce9a4240fce8}</UniqueIdentifier>
    </Filter>
    <Filter Include="Sources\External\Assimp">
      <UniqueIdentifier>{15a7ad8b-614f-4ed6-a4e0-d2f29aa71e08}</UniqueIdentifier>
    </Filter>
    <Filter Include="Sources\Modules\GameObjects">
      <UniqueIdentifier>{1f1d2477-37ea-48c4-9a48-80d8133893a7}</UniqueIdentifier>
    </Filter>
    <Filter Include="Sources\Modules\GameObjects\Components">
      <UniqueIdentifier>{d71c4dab-ea45-4de3-94bd-f556d8523af7}</UniqueIdentifier>
    </Filter>
  </ItemGroup>
  <ItemGroup>
    <ClInclude Include="Module.h">
      <Filter>Sources\Modules</Filter>
    </ClInclude>
    <ClInclude Include="ModuleAudio.h">
      <Filter>Sources\Modules</Filter>
    </ClInclude>
    <ClInclude Include="ModuleCamera3D.h">
      <Filter>Sources\Modules</Filter>
    </ClInclude>
    <ClInclude Include="ModuleInput.h">
      <Filter>Sources\Modules</Filter>
    </ClInclude>
    <ClInclude Include="ModuleRenderer3D.h">
      <Filter>Sources\Modules</Filter>
    </ClInclude>
    <ClInclude Include="ModuleWindow.h">
      <Filter>Sources\Modules</Filter>
    </ClInclude>
    <ClInclude Include="p2DynArray.h">
      <Filter>Sources\Containers</Filter>
    </ClInclude>
    <ClInclude Include="p2List.h">
      <Filter>Sources\Containers</Filter>
    </ClInclude>
    <ClInclude Include="p2Point.h">
      <Filter>Sources\Containers</Filter>
    </ClInclude>
    <ClInclude Include="Primitive.h">
      <Filter>Sources\Helpers</Filter>
    </ClInclude>
    <ClInclude Include="Color.h">
      <Filter>Sources\Containers</Filter>
    </ClInclude>
    <ClInclude Include="Light.h">
      <Filter>Sources\Helpers</Filter>
    </ClInclude>
    <ClInclude Include="ModuleSceneIntro.h">
      <Filter>Sources\Modules\Game</Filter>
    </ClInclude>
    <ClInclude Include="ModulePhysics3D.h">
      <Filter>Sources\Modules</Filter>
    </ClInclude>
    <ClInclude Include="PhysBody3D.h">
      <Filter>Sources\Helpers</Filter>
    </ClInclude>
    <ClInclude Include="Imgui\imconfig.h">
      <Filter>Sources\External\Imgui</Filter>
    </ClInclude>
    <ClInclude Include="Imgui\imgui.h">
      <Filter>Sources\External\Imgui</Filter>
    </ClInclude>
    <ClInclude Include="Imgui\imgui_impl_sdl_gl3.h">
      <Filter>Sources\External\Imgui</Filter>
    </ClInclude>
    <ClInclude Include="Imgui\imgui_internal.h">
      <Filter>Sources\External\Imgui</Filter>
    </ClInclude>
    <ClInclude Include="Imgui\stb_rect_pack.h">
      <Filter>Sources\External\Imgui</Filter>
    </ClInclude>
    <ClInclude Include="Imgui\stb_textedit.h">
      <Filter>Sources\External\Imgui</Filter>
    </ClInclude>
    <ClInclude Include="Imgui\stb_truetype.h">
      <Filter>Sources\External\Imgui</Filter>
    </ClInclude>
    <ClInclude Include="Imgui\GL\gl3w.h">
      <Filter>Sources\External\Imgui</Filter>
    </ClInclude>
    <ClInclude Include="Imgui\GL\glcorearb.h">
      <Filter>Sources\External\Imgui</Filter>
    </ClInclude>
    <ClInclude Include="Timer.h">
      <Filter>Sources\Tools</Filter>
    </ClInclude>
    <ClInclude Include="ModuleGuiEditor.h">
      <Filter>Sources\Modules</Filter>
    </ClInclude>
    <ClInclude Include="Application.h">
      <Filter>Sources\Main</Filter>
    </ClInclude>
    <ClInclude Include="Globals.h">
      <Filter>Sources\Main</Filter>
    </ClInclude>
    <ClInclude Include="MathGeoLib\MathBuildConfig.h">
      <Filter>Sources\External\MathGeoLib</Filter>
    </ClInclude>
    <ClInclude Include="MathGeoLib\MathGeoLib.h">
      <Filter>Sources\External\MathGeoLib</Filter>
    </ClInclude>
    <ClInclude Include="MathGeoLib\Algorithm\Random\LCG.h">
      <Filter>Sources\External\MathGeoLib\src</Filter>
    </ClInclude>
    <ClInclude Include="MathGeoLib\Geometry\AABB.h">
      <Filter>Sources\External\MathGeoLib\src</Filter>
    </ClInclude>
    <ClInclude Include="MathGeoLib\Geometry\AABB2D.h">
      <Filter>Sources\External\MathGeoLib\src</Filter>
    </ClInclude>
    <ClInclude Include="MathGeoLib\Geometry\Capsule.h">
      <Filter>Sources\External\MathGeoLib\src</Filter>
    </ClInclude>
    <ClInclude Include="MathGeoLib\Geometry\Circle.h">
      <Filter>Sources\External\MathGeoLib\src</Filter>
    </ClInclude>
    <ClInclude Include="MathGeoLib\Geometry\Frustum.h">
      <Filter>Sources\External\MathGeoLib\src</Filter>
    </ClInclude>
    <ClInclude Include="MathGeoLib\Geometry\GeometryAll.h">
      <Filter>Sources\External\MathGeoLib\src</Filter>
    </ClInclude>
    <ClInclude Include="MathGeoLib\Geometry\GeomType.h">
      <Filter>Sources\External\MathGeoLib\src</Filter>
    </ClInclude>
    <ClInclude Include="MathGeoLib\Geometry\HitInfo.h">
      <Filter>Sources\External\MathGeoLib\src</Filter>
    </ClInclude>
    <ClInclude Include="MathGeoLib\Geometry\KDTree.h">
      <Filter>Sources\External\MathGeoLib\src</Filter>
    </ClInclude>
    <ClInclude Include="MathGeoLib\Geometry\Line.h">
      <Filter>Sources\External\MathGeoLib\src</Filter>
    </ClInclude>
    <ClInclude Include="MathGeoLib\Geometry\LineSegment.h">
      <Filter>Sources\External\MathGeoLib\src</Filter>
    </ClInclude>
    <ClInclude Include="MathGeoLib\Geometry\OBB.h">
      <Filter>Sources\External\MathGeoLib\src</Filter>
    </ClInclude>
    <ClInclude Include="MathGeoLib\Geometry\PBVolume.h">
      <Filter>Sources\External\MathGeoLib\src</Filter>
    </ClInclude>
    <ClInclude Include="MathGeoLib\Geometry\Plane.h">
      <Filter>Sources\External\MathGeoLib\src</Filter>
    </ClInclude>
    <ClInclude Include="MathGeoLib\Geometry\Polygon.h">
      <Filter>Sources\External\MathGeoLib\src</Filter>
    </ClInclude>
    <ClInclude Include="MathGeoLib\Geometry\Polyhedron.h">
      <Filter>Sources\External\MathGeoLib\src</Filter>
    </ClInclude>
    <ClInclude Include="MathGeoLib\Geometry\QuadTree.h">
      <Filter>Sources\External\MathGeoLib\src</Filter>
    </ClInclude>
    <ClInclude Include="MathGeoLib\Geometry\Ray.h">
      <Filter>Sources\External\MathGeoLib\src</Filter>
    </ClInclude>
    <ClInclude Include="MathGeoLib\Geometry\Sphere.h">
      <Filter>Sources\External\MathGeoLib\src</Filter>
    </ClInclude>
    <ClInclude Include="MathGeoLib\Geometry\Triangle.h">
      <Filter>Sources\External\MathGeoLib\src</Filter>
    </ClInclude>
    <ClInclude Include="MathGeoLib\Geometry\TriangleMesh.h">
      <Filter>Sources\External\MathGeoLib\src</Filter>
    </ClInclude>
    <ClInclude Include="MathGeoLib\Math\assume.h">
      <Filter>Sources\External\MathGeoLib\src</Filter>
    </ClInclude>
    <ClInclude Include="MathGeoLib\Math\BitOps.h">
      <Filter>Sources\External\MathGeoLib\src</Filter>
    </ClInclude>
    <ClInclude Include="MathGeoLib\Math\Complex.h">
      <Filter>Sources\External\MathGeoLib\src</Filter>
    </ClInclude>
    <ClInclude Include="MathGeoLib\Math\CoordinateAxisConvention.h">
      <Filter>Sources\External\MathGeoLib\src</Filter>
    </ClInclude>
    <ClInclude Include="MathGeoLib\Math\FixedPoint.h">
      <Filter>Sources\External\MathGeoLib\src</Filter>
    </ClInclude>
    <ClInclude Include="MathGeoLib\Math\float2.h">
      <Filter>Sources\External\MathGeoLib\src</Filter>
    </ClInclude>
    <ClInclude Include="MathGeoLib\Math\float3.h">
      <Filter>Sources\External\MathGeoLib\src</Filter>
    </ClInclude>
    <ClInclude Include="MathGeoLib\Math\float3x3.h">
      <Filter>Sources\External\MathGeoLib\src</Filter>
    </ClInclude>
    <ClInclude Include="MathGeoLib\Math\float3x4.h">
      <Filter>Sources\External\MathGeoLib\src</Filter>
    </ClInclude>
    <ClInclude Include="MathGeoLib\Math\float4.h">
      <Filter>Sources\External\MathGeoLib\src</Filter>
    </ClInclude>
    <ClInclude Include="MathGeoLib\Math\float4_neon.h">
      <Filter>Sources\External\MathGeoLib\src</Filter>
    </ClInclude>
    <ClInclude Include="MathGeoLib\Math\float4_sse.h">
      <Filter>Sources\External\MathGeoLib\src</Filter>
    </ClInclude>
    <ClInclude Include="MathGeoLib\Math\float4x4.h">
      <Filter>Sources\External\MathGeoLib\src</Filter>
    </ClInclude>
    <ClInclude Include="MathGeoLib\Math\float4x4_neon.h">
      <Filter>Sources\External\MathGeoLib\src</Filter>
    </ClInclude>
    <ClInclude Include="MathGeoLib\Math\float4x4_sse.h">
      <Filter>Sources\External\MathGeoLib\src</Filter>
    </ClInclude>
    <ClInclude Include="MathGeoLib\Math\FloatCmp.h">
      <Filter>Sources\External\MathGeoLib\src</Filter>
    </ClInclude>
    <ClInclude Include="MathGeoLib\Math\MathAll.h">
      <Filter>Sources\External\MathGeoLib\src</Filter>
    </ClInclude>
    <ClInclude Include="MathGeoLib\Math\MathConstants.h">
      <Filter>Sources\External\MathGeoLib\src</Filter>
    </ClInclude>
    <ClInclude Include="MathGeoLib\Math\MathFunc.h">
      <Filter>Sources\External\MathGeoLib\src</Filter>
    </ClInclude>
    <ClInclude Include="MathGeoLib\Math\MathLog.h">
      <Filter>Sources\External\MathGeoLib\src</Filter>
    </ClInclude>
    <ClInclude Include="MathGeoLib\Math\MathNamespace.h">
      <Filter>Sources\External\MathGeoLib\src</Filter>
    </ClInclude>
    <ClInclude Include="MathGeoLib\Math\MathTypes.h">
      <Filter>Sources\External\MathGeoLib\src</Filter>
    </ClInclude>
    <ClInclude Include="MathGeoLib\Math\MatrixProxy.h">
      <Filter>Sources\External\MathGeoLib\src</Filter>
    </ClInclude>
    <ClInclude Include="MathGeoLib\Math\myassert.h">
      <Filter>Sources\External\MathGeoLib\src</Filter>
    </ClInclude>
    <ClInclude Include="MathGeoLib\Math\Polynomial.h">
      <Filter>Sources\External\MathGeoLib\src</Filter>
    </ClInclude>
    <ClInclude Include="MathGeoLib\Math\Quat.h">
      <Filter>Sources\External\MathGeoLib\src</Filter>
    </ClInclude>
    <ClInclude Include="MathGeoLib\Math\quat_simd.h">
      <Filter>Sources\External\MathGeoLib\src</Filter>
    </ClInclude>
    <ClInclude Include="MathGeoLib\Math\Rect.h">
      <Filter>Sources\External\MathGeoLib\src</Filter>
    </ClInclude>
    <ClInclude Include="MathGeoLib\Math\Reinterpret.h">
      <Filter>Sources\External\MathGeoLib\src</Filter>
    </ClInclude>
    <ClInclude Include="MathGeoLib\Math\sse_mathfun.h">
      <Filter>Sources\External\MathGeoLib\src</Filter>
    </ClInclude>
    <ClInclude Include="MathGeoLib\Math\SSEMath.h">
      <Filter>Sources\External\MathGeoLib\src</Filter>
    </ClInclude>
    <ClInclude Include="MathGeoLib\Math\TransformOps.h">
      <Filter>Sources\External\MathGeoLib\src</Filter>
    </ClInclude>
    <ClInclude Include="MathGeoLib\Time\Clock.h">
      <Filter>Sources\External\MathGeoLib\src</Filter>
    </ClInclude>
    <ClInclude Include="RNG.h">
      <Filter>Sources\Tools</Filter>
    </ClInclude>
    <ClInclude Include="glmath.h">
      <Filter>Sources\Helpers</Filter>
    </ClInclude>
    <ClInclude Include="Menus.h">
      <Filter>Sources\Menus</Filter>
    </ClInclude>
    <ClInclude Include="MenuAbout.h">
      <Filter>Sources\Menus</Filter>
    </ClInclude>
    <ClInclude Include="MenuProject.h">
      <Filter>Sources\Menus</Filter>
    </ClInclude>
    <ClInclude Include="PerfTimer.h">
      <Filter>Sources\Tools</Filter>
    </ClInclude>
    <ClInclude Include="Assimp\include\ai_assert.h">
      <Filter>Sources\External\Assimp</Filter>
    </ClInclude>
    <ClInclude Include="Assimp\include\anim.h">
      <Filter>Sources\External\Assimp</Filter>
    </ClInclude>
    <ClInclude Include="Assimp\include\camera.h">
      <Filter>Sources\External\Assimp</Filter>
    </ClInclude>
    <ClInclude Include="Assimp\include\cexport.h">
      <Filter>Sources\External\Assimp</Filter>
    </ClInclude>
    <ClInclude Include="Assimp\include\cfileio.h">
      <Filter>Sources\External\Assimp</Filter>
    </ClInclude>
    <ClInclude Include="Assimp\include\cimport.h">
      <Filter>Sources\External\Assimp</Filter>
    </ClInclude>
    <ClInclude Include="Assimp\include\color4.h">
      <Filter>Sources\External\Assimp</Filter>
    </ClInclude>
    <ClInclude Include="Assimp\include\Compiler\poppack1.h">
      <Filter>Sources\External\Assimp</Filter>
    </ClInclude>
    <ClInclude Include="Assimp\include\Compiler\pstdint.h">
      <Filter>Sources\External\Assimp</Filter>
    </ClInclude>
    <ClInclude Include="Assimp\include\Compiler\pushpack1.h">
      <Filter>Sources\External\Assimp</Filter>
    </ClInclude>
    <ClInclude Include="Assimp\include\config.h">
      <Filter>Sources\External\Assimp</Filter>
    </ClInclude>
    <ClInclude Include="Assimp\include\DefaultLogger.hpp">
      <Filter>Sources\External\Assimp</Filter>
    </ClInclude>
    <ClInclude Include="Assimp\include\defs.h">
      <Filter>Sources\External\Assimp</Filter>
    </ClInclude>
    <ClInclude Include="Assimp\include\Exporter.hpp">
      <Filter>Sources\External\Assimp</Filter>
    </ClInclude>
    <ClInclude Include="Assimp\include\Importer.hpp">
      <Filter>Sources\External\Assimp</Filter>
    </ClInclude>
    <ClInclude Include="Assimp\include\importerdesc.h">
      <Filter>Sources\External\Assimp</Filter>
    </ClInclude>
    <ClInclude Include="Assimp\include\IOStream.hpp">
      <Filter>Sources\External\Assimp</Filter>
    </ClInclude>
    <ClInclude Include="Assimp\include\IOSystem.hpp">
      <Filter>Sources\External\Assimp</Filter>
    </ClInclude>
    <ClInclude Include="Assimp\include\light.h">
      <Filter>Sources\External\Assimp</Filter>
    </ClInclude>
    <ClInclude Include="Assimp\include\Logger.hpp">
      <Filter>Sources\External\Assimp</Filter>
    </ClInclude>
    <ClInclude Include="Assimp\include\LogStream.hpp">
      <Filter>Sources\External\Assimp</Filter>
    </ClInclude>
    <ClInclude Include="Assimp\include\material.h">
      <Filter>Sources\External\Assimp</Filter>
    </ClInclude>
    <ClInclude Include="Assimp\include\matrix3x3.h">
      <Filter>Sources\External\Assimp</Filter>
    </ClInclude>
    <ClInclude Include="Assimp\include\matrix4x4.h">
      <Filter>Sources\External\Assimp</Filter>
    </ClInclude>
    <ClInclude Include="Assimp\include\mesh.h">
      <Filter>Sources\External\Assimp</Filter>
    </ClInclude>
    <ClInclude Include="Assimp\include\metadata.h">
      <Filter>Sources\External\Assimp</Filter>
    </ClInclude>
    <ClInclude Include="Assimp\include\NullLogger.hpp">
      <Filter>Sources\External\Assimp</Filter>
    </ClInclude>
    <ClInclude Include="Assimp\include\port\AndroidJNI\AndroidJNIIOSystem.h">
      <Filter>Sources\External\Assimp</Filter>
    </ClInclude>
    <ClInclude Include="Assimp\include\postprocess.h">
      <Filter>Sources\External\Assimp</Filter>
    </ClInclude>
    <ClInclude Include="Assimp\include\ProgressHandler.hpp">
      <Filter>Sources\External\Assimp</Filter>
    </ClInclude>
    <ClInclude Include="Assimp\include\quaternion.h">
      <Filter>Sources\External\Assimp</Filter>
    </ClInclude>
    <ClInclude Include="Assimp\include\scene.h">
      <Filter>Sources\External\Assimp</Filter>
    </ClInclude>
    <ClInclude Include="Assimp\include\texture.h">
      <Filter>Sources\External\Assimp</Filter>
    </ClInclude>
    <ClInclude Include="Assimp\include\types.h">
      <Filter>Sources\External\Assimp</Filter>
    </ClInclude>
    <ClInclude Include="Assimp\include\vector2.h">
      <Filter>Sources\External\Assimp</Filter>
    </ClInclude>
    <ClInclude Include="Assimp\include\vector3.h">
      <Filter>Sources\External\Assimp</Filter>
    </ClInclude>
    <ClInclude Include="Assimp\include\version.h">
      <Filter>Sources\External\Assimp</Filter>
    </ClInclude>
    <ClInclude Include="ModuleMesh.h">
      <Filter>Sources\Modules</Filter>
    </ClInclude>
    <ClInclude Include="GameObject.h">
      <Filter>Sources\Modules\GameObjects</Filter>
    </ClInclude>
    <ClInclude Include="Component.h">
      <Filter>Sources\Modules\GameObjects</Filter>
    </ClInclude>
    <ClInclude Include="GameObjectManager.h">
      <Filter>Sources\Modules\GameObjects</Filter>
    </ClInclude>
    <ClInclude Include="ComponentTransform.h">
      <Filter>Sources\Modules\GameObjects\Components</Filter>
    </ClInclude>
  </ItemGroup>
  <ItemGroup>
    <ClCompile Include="ModuleAudio.cpp">
      <Filter>Sources\Modules</Filter>
    </ClCompile>
    <ClCompile Include="ModuleCamera3D.cpp">
      <Filter>Sources\Modules</Filter>
    </ClCompile>
    <ClCompile Include="ModuleInput.cpp">
      <Filter>Sources\Modules</Filter>
    </ClCompile>
    <ClCompile Include="ModuleRenderer3D.cpp">
      <Filter>Sources\Modules</Filter>
    </ClCompile>
    <ClCompile Include="ModuleWindow.cpp">
      <Filter>Sources\Modules</Filter>
    </ClCompile>
    <ClCompile Include="log.cpp">
      <Filter>Sources\Tools</Filter>
    </ClCompile>
    <ClCompile Include="Timer.cpp">
      <Filter>Sources\Tools</Filter>
    </ClCompile>
    <ClCompile Include="Primitive.cpp">
      <Filter>Sources\Helpers</Filter>
    </ClCompile>
    <ClCompile Include="Color.cpp">
      <Filter>Sources\Containers</Filter>
    </ClCompile>
    <ClCompile Include="Light.cpp">
      <Filter>Sources\Helpers</Filter>
    </ClCompile>
    <ClCompile Include="ModulePhysics3D.cpp">
      <Filter>Sources\Modules</Filter>
    </ClCompile>
    <ClCompile Include="ModuleSceneIntro.cpp">
      <Filter>Sources\Modules\Game</Filter>
    </ClCompile>
    <ClCompile Include="PhysBody3D.cpp">
      <Filter>Sources\Helpers</Filter>
    </ClCompile>
    <ClCompile Include="Imgui\imgui.cpp">
      <Filter>Sources\External\Imgui</Filter>
    </ClCompile>
    <ClCompile Include="Imgui\imgui_demo.cpp">
      <Filter>Sources\External\Imgui</Filter>
    </ClCompile>
    <ClCompile Include="Imgui\imgui_draw.cpp">
      <Filter>Sources\External\Imgui</Filter>
    </ClCompile>
    <ClCompile Include="Imgui\imgui_impl_sdl_gl3.cpp">
      <Filter>Sources\External\Imgui</Filter>
    </ClCompile>
    <ClCompile Include="Imgui\GL\gl3w.c">
      <Filter>Sources\External\Imgui</Filter>
    </ClCompile>
    <ClCompile Include="ModuleGuiEditor.cpp">
      <Filter>Sources\Modules</Filter>
    </ClCompile>
    <ClCompile Include="Application.cpp">
      <Filter>Sources\Main</Filter>
    </ClCompile>
    <ClCompile Include="Main.cpp">
      <Filter>Sources\Main</Filter>
    </ClCompile>
    <ClCompile Include="MathGeoLib\Algorithm\Random\LCG.cpp">
      <Filter>Sources\External\MathGeoLib\src</Filter>
    </ClCompile>
    <ClCompile Include="MathGeoLib\Geometry\AABB.cpp">
      <Filter>Sources\External\MathGeoLib\src</Filter>
    </ClCompile>
    <ClCompile Include="MathGeoLib\Geometry\Capsule.cpp">
      <Filter>Sources\External\MathGeoLib\src</Filter>
    </ClCompile>
    <ClCompile Include="MathGeoLib\Geometry\Circle.cpp">
      <Filter>Sources\External\MathGeoLib\src</Filter>
    </ClCompile>
    <ClCompile Include="MathGeoLib\Geometry\Frustum.cpp">
      <Filter>Sources\External\MathGeoLib\src</Filter>
    </ClCompile>
    <ClCompile Include="MathGeoLib\Geometry\Line.cpp">
      <Filter>Sources\External\MathGeoLib\src</Filter>
    </ClCompile>
    <ClCompile Include="MathGeoLib\Geometry\LineSegment.cpp">
      <Filter>Sources\External\MathGeoLib\src</Filter>
    </ClCompile>
    <ClCompile Include="MathGeoLib\Geometry\OBB.cpp">
      <Filter>Sources\External\MathGeoLib\src</Filter>
    </ClCompile>
    <ClCompile Include="MathGeoLib\Geometry\Plane.cpp">
      <Filter>Sources\External\MathGeoLib\src</Filter>
    </ClCompile>
    <ClCompile Include="MathGeoLib\Geometry\Polygon.cpp">
      <Filter>Sources\External\MathGeoLib\src</Filter>
    </ClCompile>
    <ClCompile Include="MathGeoLib\Geometry\Polyhedron.cpp">
      <Filter>Sources\External\MathGeoLib\src</Filter>
    </ClCompile>
    <ClCompile Include="MathGeoLib\Geometry\Ray.cpp">
      <Filter>Sources\External\MathGeoLib\src</Filter>
    </ClCompile>
    <ClCompile Include="MathGeoLib\Geometry\Sphere.cpp">
      <Filter>Sources\External\MathGeoLib\src</Filter>
    </ClCompile>
    <ClCompile Include="MathGeoLib\Geometry\Triangle.cpp">
      <Filter>Sources\External\MathGeoLib\src</Filter>
    </ClCompile>
    <ClCompile Include="MathGeoLib\Geometry\TriangleMesh.cpp">
      <Filter>Sources\External\MathGeoLib\src</Filter>
    </ClCompile>
    <ClCompile Include="MathGeoLib\Math\BitOps.cpp">
      <Filter>Sources\External\MathGeoLib\src</Filter>
    </ClCompile>
    <ClCompile Include="MathGeoLib\Math\float2.cpp">
      <Filter>Sources\External\MathGeoLib\src</Filter>
    </ClCompile>
    <ClCompile Include="MathGeoLib\Math\float3.cpp">
      <Filter>Sources\External\MathGeoLib\src</Filter>
    </ClCompile>
    <ClCompile Include="MathGeoLib\Math\float3x3.cpp">
      <Filter>Sources\External\MathGeoLib\src</Filter>
    </ClCompile>
    <ClCompile Include="MathGeoLib\Math\float3x4.cpp">
      <Filter>Sources\External\MathGeoLib\src</Filter>
    </ClCompile>
    <ClCompile Include="MathGeoLib\Math\float4.cpp">
      <Filter>Sources\External\MathGeoLib\src</Filter>
    </ClCompile>
    <ClCompile Include="MathGeoLib\Math\float4x4.cpp">
      <Filter>Sources\External\MathGeoLib\src</Filter>
    </ClCompile>
    <ClCompile Include="MathGeoLib\Math\MathFunc.cpp">
      <Filter>Sources\External\MathGeoLib\src</Filter>
    </ClCompile>
    <ClCompile Include="MathGeoLib\Math\MathLog.cpp">
      <Filter>Sources\External\MathGeoLib\src</Filter>
    </ClCompile>
    <ClCompile Include="MathGeoLib\Math\MathOps.cpp">
      <Filter>Sources\External\MathGeoLib\src</Filter>
    </ClCompile>
    <ClCompile Include="MathGeoLib\Math\Polynomial.cpp">
      <Filter>Sources\External\MathGeoLib\src</Filter>
    </ClCompile>
    <ClCompile Include="MathGeoLib\Math\Quat.cpp">
      <Filter>Sources\External\MathGeoLib\src</Filter>
    </ClCompile>
    <ClCompile Include="MathGeoLib\Math\SSEMath.cpp">
      <Filter>Sources\External\MathGeoLib\src</Filter>
    </ClCompile>
    <ClCompile Include="MathGeoLib\Math\TransformOps.cpp">
      <Filter>Sources\External\MathGeoLib\src</Filter>
    </ClCompile>
    <ClCompile Include="MathGeoLib\Time\Clock.cpp">
      <Filter>Sources\External\MathGeoLib\src</Filter>
    </ClCompile>
    <ClCompile Include="RNG.cpp">
      <Filter>Sources\Tools</Filter>
    </ClCompile>
    <ClCompile Include="glmath.cpp">
      <Filter>Sources\Helpers</Filter>
    </ClCompile>
    <ClCompile Include="Menus.cpp">
      <Filter>Sources\Menus</Filter>
    </ClCompile>
    <ClCompile Include="MenuAbout.cpp">
      <Filter>Sources\Menus</Filter>
    </ClCompile>
    <ClCompile Include="MenuProject.cpp">
      <Filter>Sources\Menus</Filter>
    </ClCompile>
    <ClCompile Include="PerfTimer.cpp">
      <Filter>Sources\Tools</Filter>
    </ClCompile>
    <ClCompile Include="ModuleMesh.cpp">
      <Filter>Sources\Modules</Filter>
    </ClCompile>
    <ClCompile Include="GameObject.cpp">
      <Filter>Sources\Modules\GameObjects</Filter>
    </ClCompile>
    <ClCompile Include="Component.cpp">
      <Filter>Sources\Modules\GameObjects</Filter>
    </ClCompile>
    <ClCompile Include="GameObjectManager.cpp">
      <Filter>Sources\Modules\GameObjects</Filter>
    </ClCompile>
  </ItemGroup>
  <ItemGroup>
    <None Include="MathGeoLib\Geometry\KDTree.inl">
      <Filter>Sources\External\MathGeoLib\src</Filter>
    </None>
    <None Include="MathGeoLib\Geometry\QuadTree.inl">
      <Filter>Sources\External\MathGeoLib\src</Filter>
    </None>
    <None Include="MathGeoLib\Geometry\TriangleMesh_IntersectRay_AVX.inl">
      <Filter>Sources\External\MathGeoLib\src</Filter>
    </None>
    <None Include="MathGeoLib\Geometry\TriangleMesh_IntersectRay_CPP.inl">
      <Filter>Sources\External\MathGeoLib\src</Filter>
    </None>
    <None Include="MathGeoLib\Geometry\TriangleMesh_IntersectRay_SSE.inl">
      <Filter>Sources\External\MathGeoLib\src</Filter>
    </None>
    <None Include="MathGeoLib\Math\Matrix.inl">
      <Filter>Sources\External\MathGeoLib\src</Filter>
    </None>
    <None Include="Assimp\include\color4.inl">
      <Filter>Sources\External\Assimp</Filter>
    </None>
    <None Include="Assimp\include\material.inl">
      <Filter>Sources\External\Assimp</Filter>
    </None>
    <None Include="Assimp\include\matrix3x3.inl">
      <Filter>Sources\External\Assimp</Filter>
    </None>
    <None Include="Assimp\include\matrix4x4.inl">
      <Filter>Sources\External\Assimp</Filter>
    </None>
    <None Include="Assimp\include\quaternion.inl">
      <Filter>Sources\External\Assimp</Filter>
    </None>
    <None Include="Assimp\include\vector2.inl">
      <Filter>Sources\External\Assimp</Filter>
    </None>
    <None Include="Assimp\include\vector3.inl">
      <Filter>Sources\External\Assimp</Filter>
    </None>
  </ItemGroup>
</Project>